
Microsoft Visual Studio Solution File, Format Version 12.00
# Visual Studio Version 17
VisualStudioVersion = 17.0.31919.166
MinimumVisualStudioVersion = 10.0.40219.1
Project("{9A19103F-16F7-4668-BE54-9A1E7A4F7556}") = "CastorsBehindertiSprachZumZitSege", "CastorsBehindertiSprachZumZitSege\CastorsBehindertiSprachZumZitSege.csproj", "{57A7EE19-12D2-4718-AAFB-E851C2611009}"
EndProject
Project("{9A19103F-16F7-4668-BE54-9A1E7A4F7556}") = "WorkTime", "WorkTime\WorkTime.csproj", "{DCBF770B-C420-47B1-BEDB-678F78B426E7}"
EndProject
Project("{9A19103F-16F7-4668-BE54-9A1E7A4F7556}") = "Testing", "Testing\Testing.csproj", "{A4EA32D8-128E-405C-81BB-58737BFED3CB}"
EndProject
Project("{9A19103F-16F7-4668-BE54-9A1E7A4F7556}") = "SmartInfo", "SmartInfo\SmartInfo.csproj", "{C25BAA69-24D4-4F33-9C40-23222C37D2AE}"
EndProject
Project("{9A19103F-16F7-4668-BE54-9A1E7A4F7556}") = "BildWirdisCmdZeichnetBroKpWarumdassötschmache", "BildWirdisCmdZeichnetBroKpWarumdassötschmache\BildWirdisCmdZeichnetBroKpWarumdassötschmache.csproj", "{3491856F-741D-4B08-812B-DC1B13301C09}"
EndProject
Project("{9A19103F-16F7-4668-BE54-9A1E7A4F7556}") = "Testing.API", "Testing.API\Testing.API.csproj", "{139A27CE-FA84-4E93-8FAB-855A6B0EAF27}"
EndProject
Project("{9A19103F-16F7-4668-BE54-9A1E7A4F7556}") = "TesttingBinaryAndLowLevelProgramming", "TesttingBinaryAndLowLevelProgramming\TesttingBinaryAndLowLevelProgramming.csproj", "{22033753-AD6C-4B8F-A2C6-89DE00026068}"
EndProject
Project("{9A19103F-16F7-4668-BE54-9A1E7A4F7556}") = "WichtigiInfosApp", "WichtigiInfosApp\WichtigiInfosApp.csproj", "{9D7481F0-5D0A-4B2F-B1A0-F9BF490DF6F1}"
EndProject
Project("{9A19103F-16F7-4668-BE54-9A1E7A4F7556}") = "Spectar.Console.Test", "Spectar.Console.Test\Spectar.Console.Test.csproj", "{E8E61516-582D-419B-B32D-7EA07CD81DA5}"
EndProject
Project("{FAE04EC0-301F-11D3-BF4B-00C04F79EFBC}") = "TikTokFabricatedRedditStory", "TikTokFabricatedRedditStory\TikTokFabricatedRedditStory.csproj", "{16976018-1CA7-48DE-AA2F-E76794186564}"
EndProject
Global
	GlobalSection(SolutionConfigurationPlatforms) = preSolution
		Debug|Any CPU = Debug|Any CPU
		Release|Any CPU = Release|Any CPU
	EndGlobalSection
	GlobalSection(ProjectConfigurationPlatforms) = postSolution
		{57A7EE19-12D2-4718-AAFB-E851C2611009}.Debug|Any CPU.ActiveCfg = Debug|Any CPU
		{57A7EE19-12D2-4718-AAFB-E851C2611009}.Debug|Any CPU.Build.0 = Debug|Any CPU
		{57A7EE19-12D2-4718-AAFB-E851C2611009}.Release|Any CPU.ActiveCfg = Release|Any CPU
		{57A7EE19-12D2-4718-AAFB-E851C2611009}.Release|Any CPU.Build.0 = Release|Any CPU
		{DCBF770B-C420-47B1-BEDB-678F78B426E7}.Debug|Any CPU.ActiveCfg = Debug|Any CPU
		{DCBF770B-C420-47B1-BEDB-678F78B426E7}.Debug|Any CPU.Build.0 = Debug|Any CPU
		{DCBF770B-C420-47B1-BEDB-678F78B426E7}.Release|Any CPU.ActiveCfg = Release|Any CPU
		{DCBF770B-C420-47B1-BEDB-678F78B426E7}.Release|Any CPU.Build.0 = Release|Any CPU
		{A4EA32D8-128E-405C-81BB-58737BFED3CB}.Debug|Any CPU.ActiveCfg = Debug|Any CPU
		{A4EA32D8-128E-405C-81BB-58737BFED3CB}.Debug|Any CPU.Build.0 = Debug|Any CPU
		{A4EA32D8-128E-405C-81BB-58737BFED3CB}.Release|Any CPU.ActiveCfg = Release|Any CPU
		{A4EA32D8-128E-405C-81BB-58737BFED3CB}.Release|Any CPU.Build.0 = Release|Any CPU
		{C25BAA69-24D4-4F33-9C40-23222C37D2AE}.Debug|Any CPU.ActiveCfg = Debug|Any CPU
		{C25BAA69-24D4-4F33-9C40-23222C37D2AE}.Debug|Any CPU.Build.0 = Debug|Any CPU
		{C25BAA69-24D4-4F33-9C40-23222C37D2AE}.Release|Any CPU.ActiveCfg = Release|Any CPU
		{C25BAA69-24D4-4F33-9C40-23222C37D2AE}.Release|Any CPU.Build.0 = Release|Any CPU
		{3491856F-741D-4B08-812B-DC1B13301C09}.Debug|Any CPU.ActiveCfg = Debug|Any CPU
		{3491856F-741D-4B08-812B-DC1B13301C09}.Debug|Any CPU.Build.0 = Debug|Any CPU
		{3491856F-741D-4B08-812B-DC1B13301C09}.Release|Any CPU.ActiveCfg = Release|Any CPU
		{3491856F-741D-4B08-812B-DC1B13301C09}.Release|Any CPU.Build.0 = Release|Any CPU
		{139A27CE-FA84-4E93-8FAB-855A6B0EAF27}.Debug|Any CPU.ActiveCfg = Debug|Any CPU
		{139A27CE-FA84-4E93-8FAB-855A6B0EAF27}.Debug|Any CPU.Build.0 = Debug|Any CPU
		{139A27CE-FA84-4E93-8FAB-855A6B0EAF27}.Release|Any CPU.ActiveCfg = Release|Any CPU
		{139A27CE-FA84-4E93-8FAB-855A6B0EAF27}.Release|Any CPU.Build.0 = Release|Any CPU
		{22033753-AD6C-4B8F-A2C6-89DE00026068}.Debug|Any CPU.ActiveCfg = Debug|Any CPU
		{22033753-AD6C-4B8F-A2C6-89DE00026068}.Debug|Any CPU.Build.0 = Debug|Any CPU
		{22033753-AD6C-4B8F-A2C6-89DE00026068}.Release|Any CPU.ActiveCfg = Release|Any CPU
		{22033753-AD6C-4B8F-A2C6-89DE00026068}.Release|Any CPU.Build.0 = Release|Any CPU
		{9D7481F0-5D0A-4B2F-B1A0-F9BF490DF6F1}.Debug|Any CPU.ActiveCfg = Debug|Any CPU
		{9D7481F0-5D0A-4B2F-B1A0-F9BF490DF6F1}.Debug|Any CPU.Build.0 = Debug|Any CPU
		{9D7481F0-5D0A-4B2F-B1A0-F9BF490DF6F1}.Release|Any CPU.ActiveCfg = Release|Any CPU
		{9D7481F0-5D0A-4B2F-B1A0-F9BF490DF6F1}.Release|Any CPU.Build.0 = Release|Any CPU
		{E8E61516-582D-419B-B32D-7EA07CD81DA5}.Debug|Any CPU.ActiveCfg = Debug|Any CPU
		{E8E61516-582D-419B-B32D-7EA07CD81DA5}.Debug|Any CPU.Build.0 = Debug|Any CPU
		{E8E61516-582D-419B-B32D-7EA07CD81DA5}.Release|Any CPU.ActiveCfg = Release|Any CPU
		{E8E61516-582D-419B-B32D-7EA07CD81DA5}.Release|Any CPU.Build.0 = Release|Any CPU
		{16976018-1CA7-48DE-AA2F-E76794186564}.Debug|Any CPU.ActiveCfg = Debug|Any CPU
		{16976018-1CA7-48DE-AA2F-E76794186564}.Debug|Any CPU.Build.0 = Debug|Any CPU
		{16976018-1CA7-48DE-AA2F-E76794186564}.Release|Any CPU.ActiveCfg = Release|Any CPU
		{16976018-1CA7-48DE-AA2F-E76794186564}.Release|Any CPU.Build.0 = Release|Any CPU
	EndGlobalSection
	GlobalSection(SolutionProperties) = preSolution
		HideSolutionNode = FALSE
	EndGlobalSection
	GlobalSection(ExtensibilityGlobals) = postSolution
		SolutionGuid = {EBF06467-08EB-4A14-9CC6-9815B1DA7746}
	EndGlobalSection
EndGlobal
